
Microsoft Visual Studio Solution File, Format Version 12.00
# Visual Studio Version 16
VisualStudioVersion = 16.0.30104.148
MinimumVisualStudioVersion = 10.0.40219.1
Project("{FAE04EC0-301F-11D3-BF4B-00C04F79EFBC}") = "ComparativeGraderAPI", "ComparativeGraderAPI\ComparativeGraderAPI.csproj", "{066DD387-4DC5-4F9F-89C9-5599CBFA2470}"
EndProject
Global
	GlobalSection(SolutionConfigurationPlatforms) = preSolution
		Debug|Any CPU = Debug|Any CPU
		Release|Any CPU = Release|Any CPU
	EndGlobalSection
	GlobalSection(ProjectConfigurationPlatforms) = postSolution
		{066DD387-4DC5-4F9F-89C9-5599CBFA2470}.Debug|Any CPU.ActiveCfg = Debug|Any CPU
		{066DD387-4DC5-4F9F-89C9-5599CBFA2470}.Debug|Any CPU.Build.0 = Debug|Any CPU
		{066DD387-4DC5-4F9F-89C9-5599CBFA2470}.Release|Any CPU.ActiveCfg = Release|Any CPU
		{066DD387-4DC5-4F9F-89C9-5599CBFA2470}.Release|Any CPU.Build.0 = Release|Any CPU
	EndGlobalSection
	GlobalSection(SolutionProperties) = preSolution
		HideSolutionNode = FALSE
	EndGlobalSection
	GlobalSection(ExtensibilityGlobals) = postSolution
		SolutionGuid = {1DDCDFE8-A972-4A4B-982A-2C704884F9F5}
	EndGlobalSection
EndGlobal
